
Microsoft Visual Studio Solution File, Format Version 12.00
# Visual Studio Version 16
VisualStudioVersion = 16.0.29609.76
MinimumVisualStudioVersion = 10.0.40219.1
Project("{FAE04EC0-301F-11D3-BF4B-00C04F79EFBC}") = "ScreenCapture", "ScreenCapture\ScreenCapture.csproj", "{1AAF158D-4306-4D78-825E-4DADA697B659}"
EndProject
Project("{FAE04EC0-301F-11D3-BF4B-00C04F79EFBC}") = "ImageProcessModule", "ImageProcessModule\ImageProcessModule.csproj", "{AAE057E7-E415-4D7C-B4E2-859772FA4B96}"
EndProject
Project("{FAE04EC0-301F-11D3-BF4B-00C04F79EFBC}") = "RedisEndpoint_dotnetFramework", "..\RedisEndpoint_dotnetFramework\RedisEndpoint_dotnetFramework.csproj", "{668FE0F4-ECE8-490E-9FFD-56192A3D810A}"
EndProject
Global
	GlobalSection(SolutionConfigurationPlatforms) = preSolution
		Debug|Any CPU = Debug|Any CPU
		Release|Any CPU = Release|Any CPU
	EndGlobalSection
	GlobalSection(ProjectConfigurationPlatforms) = postSolution
		{1AAF158D-4306-4D78-825E-4DADA697B659}.Debug|Any CPU.ActiveCfg = Debug|Any CPU
		{1AAF158D-4306-4D78-825E-4DADA697B659}.Debug|Any CPU.Build.0 = Debug|Any CPU
		{1AAF158D-4306-4D78-825E-4DADA697B659}.Release|Any CPU.ActiveCfg = Release|Any CPU
		{1AAF158D-4306-4D78-825E-4DADA697B659}.Release|Any CPU.Build.0 = Release|Any CPU
		{AAE057E7-E415-4D7C-B4E2-859772FA4B96}.Debug|Any CPU.ActiveCfg = Debug|Any CPU
		{AAE057E7-E415-4D7C-B4E2-859772FA4B96}.Debug|Any CPU.Build.0 = Debug|Any CPU
		{AAE057E7-E415-4D7C-B4E2-859772FA4B96}.Release|Any CPU.ActiveCfg = Release|Any CPU
		{AAE057E7-E415-4D7C-B4E2-859772FA4B96}.Release|Any CPU.Build.0 = Release|Any CPU
		{668FE0F4-ECE8-490E-9FFD-56192A3D810A}.Debug|Any CPU.ActiveCfg = Debug|Any CPU
		{668FE0F4-ECE8-490E-9FFD-56192A3D810A}.Debug|Any CPU.Build.0 = Debug|Any CPU
		{668FE0F4-ECE8-490E-9FFD-56192A3D810A}.Release|Any CPU.ActiveCfg = Release|Any CPU
		{668FE0F4-ECE8-490E-9FFD-56192A3D810A}.Release|Any CPU.Build.0 = Release|Any CPU
	EndGlobalSection
	GlobalSection(SolutionProperties) = preSolution
		HideSolutionNode = FALSE
	EndGlobalSection
	GlobalSection(ExtensibilityGlobals) = postSolution
		SolutionGuid = {187428BB-EEA5-41F2-8AC9-3B82A3863354}
	EndGlobalSection
EndGlobal
