
Microsoft Visual Studio Solution File, Format Version 12.00
# Visual Studio Version 16
VisualStudioVersion = 16.0.29709.97
MinimumVisualStudioVersion = 10.0.40219.1
Project("{9A19103F-16F7-4668-BE54-9A1E7A4F7556}") = "HapticSeerDashboard", "HapticSeerDashboard\HapticSeerDashboard.csproj", "{64E42399-6765-4298-8C99-93D1D1F7F443}"
	ProjectSection(ProjectDependencies) = postProject
		{1AAF158D-4306-4D78-825E-4DADA697B659} = {1AAF158D-4306-4D78-825E-4DADA697B659}
		{668FE0F4-ECE8-490E-9FFD-56192A3D810A} = {668FE0F4-ECE8-490E-9FFD-56192A3D810A}
	EndProjectSection
EndProject
Project("{9A19103F-16F7-4668-BE54-9A1E7A4F7556}") = "SampleEventDetector", "SampleEventDetector\SampleEventDetector.csproj", "{76277B02-E73B-4A79-A961-BF1C0D64F74D}"
EndProject
Project("{FAE04EC0-301F-11D3-BF4B-00C04F79EFBC}") = "RedisEndpoint_dotnetFramework", "RedisEndpoint_dotnetFramework\RedisEndpoint_dotnetFramework.csproj", "{668FE0F4-ECE8-490E-9FFD-56192A3D810A}"
EndProject
Project("{FAE04EC0-301F-11D3-BF4B-00C04F79EFBC}") = "ImageProcessModule", "VisualFeatureExtractor\ImageProcessModule\ImageProcessModule.csproj", "{AAE057E7-E415-4D7C-B4E2-859772FA4B96}"
EndProject
Project("{FAE04EC0-301F-11D3-BF4B-00C04F79EFBC}") = "VisualFeatureExtractor", "VisualFeatureExtractor\VisualFeatureExtractor\VisualFeatureExtractor.csproj", "{1AAF158D-4306-4D78-825E-4DADA697B659}"
EndProject
Global
	GlobalSection(SolutionConfigurationPlatforms) = preSolution
		Debug|Any CPU = Debug|Any CPU
		Debug|x64 = Debug|x64
		Debug|x86 = Debug|x86
		Release|Any CPU = Release|Any CPU
		Release|x64 = Release|x64
		Release|x86 = Release|x86
	EndGlobalSection
	GlobalSection(ProjectConfigurationPlatforms) = postSolution
		{64E42399-6765-4298-8C99-93D1D1F7F443}.Debug|Any CPU.ActiveCfg = Debug|Any CPU
		{64E42399-6765-4298-8C99-93D1D1F7F443}.Debug|Any CPU.Build.0 = Debug|Any CPU
		{64E42399-6765-4298-8C99-93D1D1F7F443}.Debug|x64.ActiveCfg = Debug|Any CPU
		{64E42399-6765-4298-8C99-93D1D1F7F443}.Debug|x64.Build.0 = Debug|Any CPU
		{64E42399-6765-4298-8C99-93D1D1F7F443}.Debug|x86.ActiveCfg = Debug|Any CPU
		{64E42399-6765-4298-8C99-93D1D1F7F443}.Debug|x86.Build.0 = Debug|Any CPU
		{64E42399-6765-4298-8C99-93D1D1F7F443}.Release|Any CPU.ActiveCfg = Release|Any CPU
		{64E42399-6765-4298-8C99-93D1D1F7F443}.Release|Any CPU.Build.0 = Release|Any CPU
		{64E42399-6765-4298-8C99-93D1D1F7F443}.Release|x64.ActiveCfg = Release|Any CPU
		{64E42399-6765-4298-8C99-93D1D1F7F443}.Release|x64.Build.0 = Release|Any CPU
		{64E42399-6765-4298-8C99-93D1D1F7F443}.Release|x86.ActiveCfg = Release|Any CPU
		{64E42399-6765-4298-8C99-93D1D1F7F443}.Release|x86.Build.0 = Release|Any CPU
		{76277B02-E73B-4A79-A961-BF1C0D64F74D}.Debug|Any CPU.ActiveCfg = Debug|Any CPU
		{76277B02-E73B-4A79-A961-BF1C0D64F74D}.Debug|Any CPU.Build.0 = Debug|Any CPU
		{76277B02-E73B-4A79-A961-BF1C0D64F74D}.Debug|x64.ActiveCfg = Debug|Any CPU
		{76277B02-E73B-4A79-A961-BF1C0D64F74D}.Debug|x64.Build.0 = Debug|Any CPU
		{76277B02-E73B-4A79-A961-BF1C0D64F74D}.Debug|x86.ActiveCfg = Debug|Any CPU
		{76277B02-E73B-4A79-A961-BF1C0D64F74D}.Debug|x86.Build.0 = Debug|Any CPU
		{76277B02-E73B-4A79-A961-BF1C0D64F74D}.Release|Any CPU.ActiveCfg = Release|Any CPU
		{76277B02-E73B-4A79-A961-BF1C0D64F74D}.Release|Any CPU.Build.0 = Release|Any CPU
		{76277B02-E73B-4A79-A961-BF1C0D64F74D}.Release|x64.ActiveCfg = Release|Any CPU
		{76277B02-E73B-4A79-A961-BF1C0D64F74D}.Release|x64.Build.0 = Release|Any CPU
		{76277B02-E73B-4A79-A961-BF1C0D64F74D}.Release|x86.ActiveCfg = Release|Any CPU
		{76277B02-E73B-4A79-A961-BF1C0D64F74D}.Release|x86.Build.0 = Release|Any CPU
		{668FE0F4-ECE8-490E-9FFD-56192A3D810A}.Debug|Any CPU.ActiveCfg = Debug|Any CPU
		{668FE0F4-ECE8-490E-9FFD-56192A3D810A}.Debug|Any CPU.Build.0 = Debug|Any CPU
		{668FE0F4-ECE8-490E-9FFD-56192A3D810A}.Debug|x64.ActiveCfg = Debug|Any CPU
		{668FE0F4-ECE8-490E-9FFD-56192A3D810A}.Debug|x64.Build.0 = Debug|Any CPU
		{668FE0F4-ECE8-490E-9FFD-56192A3D810A}.Debug|x86.ActiveCfg = Debug|Any CPU
		{668FE0F4-ECE8-490E-9FFD-56192A3D810A}.Debug|x86.Build.0 = Debug|Any CPU
		{668FE0F4-ECE8-490E-9FFD-56192A3D810A}.Release|Any CPU.ActiveCfg = Release|Any CPU
		{668FE0F4-ECE8-490E-9FFD-56192A3D810A}.Release|Any CPU.Build.0 = Release|Any CPU
		{668FE0F4-ECE8-490E-9FFD-56192A3D810A}.Release|x64.ActiveCfg = Release|Any CPU
		{668FE0F4-ECE8-490E-9FFD-56192A3D810A}.Release|x64.Build.0 = Release|Any CPU
		{668FE0F4-ECE8-490E-9FFD-56192A3D810A}.Release|x86.ActiveCfg = Release|Any CPU
		{668FE0F4-ECE8-490E-9FFD-56192A3D810A}.Release|x86.Build.0 = Release|Any CPU
		{AAE057E7-E415-4D7C-B4E2-859772FA4B96}.Debug|Any CPU.ActiveCfg = Debug|Any CPU
		{AAE057E7-E415-4D7C-B4E2-859772FA4B96}.Debug|Any CPU.Build.0 = Debug|Any CPU
		{AAE057E7-E415-4D7C-B4E2-859772FA4B96}.Debug|x64.ActiveCfg = Debug|Any CPU
		{AAE057E7-E415-4D7C-B4E2-859772FA4B96}.Debug|x64.Build.0 = Debug|Any CPU
		{AAE057E7-E415-4D7C-B4E2-859772FA4B96}.Debug|x86.ActiveCfg = Debug|Any CPU
		{AAE057E7-E415-4D7C-B4E2-859772FA4B96}.Debug|x86.Build.0 = Debug|Any CPU
		{AAE057E7-E415-4D7C-B4E2-859772FA4B96}.Release|Any CPU.ActiveCfg = Release|Any CPU
		{AAE057E7-E415-4D7C-B4E2-859772FA4B96}.Release|Any CPU.Build.0 = Release|Any CPU
		{AAE057E7-E415-4D7C-B4E2-859772FA4B96}.Release|x64.ActiveCfg = Release|Any CPU
		{AAE057E7-E415-4D7C-B4E2-859772FA4B96}.Release|x64.Build.0 = Release|Any CPU
		{AAE057E7-E415-4D7C-B4E2-859772FA4B96}.Release|x86.ActiveCfg = Release|Any CPU
		{AAE057E7-E415-4D7C-B4E2-859772FA4B96}.Release|x86.Build.0 = Release|Any CPU
		{1AAF158D-4306-4D78-825E-4DADA697B659}.Debug|Any CPU.ActiveCfg = Debug|Any CPU
		{1AAF158D-4306-4D78-825E-4DADA697B659}.Debug|Any CPU.Build.0 = Debug|Any CPU
		{1AAF158D-4306-4D78-825E-4DADA697B659}.Debug|x64.ActiveCfg = Debug|Any CPU
		{1AAF158D-4306-4D78-825E-4DADA697B659}.Debug|x64.Build.0 = Debug|Any CPU
		{1AAF158D-4306-4D78-825E-4DADA697B659}.Debug|x86.ActiveCfg = Debug|Any CPU
		{1AAF158D-4306-4D78-825E-4DADA697B659}.Debug|x86.Build.0 = Debug|Any CPU
		{1AAF158D-4306-4D78-825E-4DADA697B659}.Release|Any CPU.ActiveCfg = Release|Any CPU
		{1AAF158D-4306-4D78-825E-4DADA697B659}.Release|Any CPU.Build.0 = Release|Any CPU
		{1AAF158D-4306-4D78-825E-4DADA697B659}.Release|x64.ActiveCfg = Release|Any CPU
		{1AAF158D-4306-4D78-825E-4DADA697B659}.Release|x64.Build.0 = Release|Any CPU
		{1AAF158D-4306-4D78-825E-4DADA697B659}.Release|x86.ActiveCfg = Release|Any CPU
		{1AAF158D-4306-4D78-825E-4DADA697B659}.Release|x86.Build.0 = Release|Any CPU
	EndGlobalSection
	GlobalSection(SolutionProperties) = preSolution
		HideSolutionNode = FALSE
	EndGlobalSection
	GlobalSection(ExtensibilityGlobals) = postSolution
		SolutionGuid = {CECC5229-BD02-402F-91FB-5EEE5CE519B5}
	EndGlobalSection
EndGlobal
